{
  "name": "relcov",
  "version": "1.0.2",
  "dependencies": {
    "split": {
      "version": "1.0.0",
      "from": "split@>=1.0.0 <2.0.0",
      "resolved": "https://registry.npmjs.org/split/-/split-1.0.0.tgz"
    },
    "through": {
      "version": "2.3.8",
      "from": "through@>=2.0.0 <3.0.0",
      "resolved": "https://registry.npmjs.org/through/-/through-2.3.8.tgz"
    }
  }
}
